
Microsoft Visual Studio Solution File, Format Version 12.00
# Visual Studio Version 16
VisualStudioVersion = 16.0.29911.84
MinimumVisualStudioVersion = 10.0.40219.1
Project("{9A19103F-16F7-4668-BE54-9A1E7A4F7556}") = "Targ De Masini", "Targ De Masini.csproj", "{323A3D17-255D-40C3-9AC0-BBDF17FE787E}"
EndProject
Project("{FAE04EC0-301F-11D3-BF4B-00C04F79EFBC}") = "Modele", "..\Modele\Modele.csproj", "{76A84CE5-AE0C-4F5D-9727-9B315A941723}"
EndProject
Project("{FAE04EC0-301F-11D3-BF4B-00C04F79EFBC}") = "NivelAcces", "..\NivelAcces\NivelAcces.csproj", "{C9CC677B-3C44-42AA-A042-EA0E44F787DA}"
EndProject
Project("{FAE04EC0-301F-11D3-BF4B-00C04F79EFBC}") = "FormTargDeMasini", "..\FormTargDeMasini\FormTargDeMasini.csproj", "{57FC3FAB-A809-45B6-8B06-A0CA213F5579}"
EndProject
Project("{FAE04EC0-301F-11D3-BF4B-00C04F79EFBC}") = "TargDeMasiniForm", "..\TargDeMasiniForm\TargDeMasiniForm.csproj", "{5876D183-4C82-4FED-8920-75A43D34DD12}"
EndProject
Global
	GlobalSection(SolutionConfigurationPlatforms) = preSolution
		Debug|Any CPU = Debug|Any CPU
		Release|Any CPU = Release|Any CPU
	EndGlobalSection
	GlobalSection(ProjectConfigurationPlatforms) = postSolution
		{323A3D17-255D-40C3-9AC0-BBDF17FE787E}.Debug|Any CPU.ActiveCfg = Debug|Any CPU
		{323A3D17-255D-40C3-9AC0-BBDF17FE787E}.Debug|Any CPU.Build.0 = Debug|Any CPU
		{323A3D17-255D-40C3-9AC0-BBDF17FE787E}.Release|Any CPU.ActiveCfg = Release|Any CPU
		{323A3D17-255D-40C3-9AC0-BBDF17FE787E}.Release|Any CPU.Build.0 = Release|Any CPU
		{76A84CE5-AE0C-4F5D-9727-9B315A941723}.Debug|Any CPU.ActiveCfg = Debug|Any CPU
		{76A84CE5-AE0C-4F5D-9727-9B315A941723}.Debug|Any CPU.Build.0 = Debug|Any CPU
		{76A84CE5-AE0C-4F5D-9727-9B315A941723}.Release|Any CPU.ActiveCfg = Release|Any CPU
		{76A84CE5-AE0C-4F5D-9727-9B315A941723}.Release|Any CPU.Build.0 = Release|Any CPU
		{C9CC677B-3C44-42AA-A042-EA0E44F787DA}.Debug|Any CPU.ActiveCfg = Debug|Any CPU
		{C9CC677B-3C44-42AA-A042-EA0E44F787DA}.Debug|Any CPU.Build.0 = Debug|Any CPU
		{C9CC677B-3C44-42AA-A042-EA0E44F787DA}.Release|Any CPU.ActiveCfg = Release|Any CPU
		{C9CC677B-3C44-42AA-A042-EA0E44F787DA}.Release|Any CPU.Build.0 = Release|Any CPU
		{57FC3FAB-A809-45B6-8B06-A0CA213F5579}.Debug|Any CPU.ActiveCfg = Debug|Any CPU
		{57FC3FAB-A809-45B6-8B06-A0CA213F5579}.Debug|Any CPU.Build.0 = Debug|Any CPU
		{57FC3FAB-A809-45B6-8B06-A0CA213F5579}.Release|Any CPU.ActiveCfg = Release|Any CPU
		{57FC3FAB-A809-45B6-8B06-A0CA213F5579}.Release|Any CPU.Build.0 = Release|Any CPU
		{5876D183-4C82-4FED-8920-75A43D34DD12}.Debug|Any CPU.ActiveCfg = Debug|Any CPU
		{5876D183-4C82-4FED-8920-75A43D34DD12}.Debug|Any CPU.Build.0 = Debug|Any CPU
		{5876D183-4C82-4FED-8920-75A43D34DD12}.Release|Any CPU.ActiveCfg = Release|Any CPU
		{5876D183-4C82-4FED-8920-75A43D34DD12}.Release|Any CPU.Build.0 = Release|Any CPU
	EndGlobalSection
	GlobalSection(SolutionProperties) = preSolution
		HideSolutionNode = FALSE
	EndGlobalSection
	GlobalSection(ExtensibilityGlobals) = postSolution
		SolutionGuid = {03573A1F-CA32-46E1-A913-D6976E114435}
	EndGlobalSection
EndGlobal
